# This file is automatically @generated by Cargo.
# It is not intended for manual editing.
version = 4

[[package]]
name = "candi-cli"
version = "0.1.0"
dependencies = [
 "candi-core",
 "candi-pdf",
 "candi-tui",
]

[[package]]
name = "candi-core"
version = "0.1.0"
dependencies = [
 "candi-pdf",
]

[[package]]
name = "candi-pdf"
version = "0.1.0"

[[package]]
name = "candi-theme"
version = "0.1.0"

[[package]]
name = "candi-tui"
version = "0.1.0"
dependencies = [
 "candi-core",
 "candi-pdf",
 "candi-theme",
]
